// !$*UTF8*$!
{
	archiveVersion = 1;
	classes = {
	};
	objectVersion = 77;
	objects = {

/* Begin PBXBuildFile section */
		1B868C7244CC95C4A6200F53 /* UserDefaultsVaultStore.swift in Sources */ = {isa = PBXBuildFile; fileRef = B81B4AEC2433411CDB958D5B /* UserDefaultsVaultStore.swift */; };
		3BB1D3A7FB872B483D0FE89C /* MarkdownEditorCommands.swift in Sources */ = {isa = PBXBuildFile; fileRef = 0798F934F164FBC42F181907 /* MarkdownEditorCommands.swift */; };
		4FF89B17AE5C5E800D8020E6 /* ContentView.swift in Sources */ = {isa = PBXBuildFile; fileRef = A98FCCAE58506021D3CBC793 /* ContentView.swift */; };
		58BF0BF27B79EAC6BD7DF23B /* GoogleOAuthTokenClient.swift in Sources */ = {isa = PBXBuildFile; fileRef = 7786B073D173551DE63CE888 /* GoogleOAuthTokenClient.swift */; };
		6BF69B316F3063DFC3D9B86B /* GoogleOAuthConfiguration.swift in Sources */ = {isa = PBXBuildFile; fileRef = 1659FD7EB9B4C307C34194DB /* GoogleOAuthConfiguration.swift */; };
		748E0F85ACFF6465D8734F80 /* AppDependencies.swift in Sources */ = {isa = PBXBuildFile; fileRef = C33B265F40B3EFA6CF7D3A67 /* AppDependencies.swift */; };
		856FC399AC0A36E3FE012737 /* MarkdownDriveCore in Frameworks */ = {isa = PBXBuildFile; productRef = 20372CFBC2988B2E501911CE /* MarkdownDriveCore */; };
		862FF80CEFC483C03847C3D1 /* GoogleOAuthAuthorizationFlow.swift in Sources */ = {isa = PBXBuildFile; fileRef = A1C5EE1FAC923FC1EA7FDA99 /* GoogleOAuthAuthorizationFlow.swift */; };
		B71BCCE314A8B389DB6E7F61 /* NativeMarkdownEditor.swift in Sources */ = {isa = PBXBuildFile; fileRef = F8614F525C4E1EE5FD88C789 /* NativeMarkdownEditor.swift */; };
		D065247233EB56FB1269FA7E /* MarkdownDriveApp.swift in Sources */ = {isa = PBXBuildFile; fileRef = EA1480E42F5C96887C029E9A /* MarkdownDriveApp.swift */; };
		D1B8E18B04D6742174A6C12C /* GoogleAuthenticationService.swift in Sources */ = {isa = PBXBuildFile; fileRef = 225E67B0E375CB5DE2EFEE45 /* GoogleAuthenticationService.swift */; };
		F213C7FBBA5C6291E2BDFE1D /* MarkdownDocumentCommands.swift in Sources */ = {isa = PBXBuildFile; fileRef = E0947A40A52F9EE928CA25EB /* MarkdownDocumentCommands.swift */; };
		F756B8F5959CD0022D11D57F /* KeychainRefreshTokenStore.swift in Sources */ = {isa = PBXBuildFile; fileRef = 3112A29460243053F89B0B6C /* KeychainRefreshTokenStore.swift */; };
		FC4DD604144803F975D764E0 /* AppModel.swift in Sources */ = {isa = PBXBuildFile; fileRef = 1E6F8BC93D7DE21E834DA88E /* AppModel.swift */; };
		FDC16AAA154FE5841DEA0EE0 /* OAuthLoopbackServer.swift in Sources */ = {isa = PBXBuildFile; fileRef = 76CE2CE1C3DAFADDCAE6C8F2 /* OAuthLoopbackServer.swift */; };
/* End PBXBuildFile section */

/* Begin PBXFileReference section */
		0798F934F164FBC42F181907 /* MarkdownEditorCommands.swift */ = {isa = PBXFileReference; lastKnownFileType = sourcecode.swift; path = MarkdownEditorCommands.swift; sourceTree = "<group>"; };
		1659FD7EB9B4C307C34194DB /* GoogleOAuthConfiguration.swift */ = {isa = PBXFileReference; lastKnownFileType = sourcecode.swift; path = GoogleOAuthConfiguration.swift; sourceTree = "<group>"; };
		1E6F8BC93D7DE21E834DA88E /* AppModel.swift */ = {isa = PBXFileReference; lastKnownFileType = sourcecode.swift; path = AppModel.swift; sourceTree = "<group>"; };
		225E67B0E375CB5DE2EFEE45 /* GoogleAuthenticationService.swift */ = {isa = PBXFileReference; lastKnownFileType = sourcecode.swift; path = GoogleAuthenticationService.swift; sourceTree = "<group>"; };
		2EA92C1F04E3C1E0145E60EB /* Markdown Drive.app */ = {isa = PBXFileReference; explicitFileType = wrapper.application; includeInIndex = 0; path = "Markdown Drive.app"; sourceTree = BUILT_PRODUCTS_DIR; };
		3112A29460243053F89B0B6C /* KeychainRefreshTokenStore.swift */ = {isa = PBXFileReference; lastKnownFileType = sourcecode.swift; path = KeychainRefreshTokenStore.swift; sourceTree = "<group>"; };
		48CE58DA9B8910A62DD33880 /* MarkdownDriveCore */ = {isa = PBXFileReference; lastKnownFileType = folder; name = MarkdownDriveCore; path = Packages/MarkdownDriveCore; sourceTree = SOURCE_ROOT; };
		4B72804D237119F26A109EA4 /* OAuth.xcconfig */ = {isa = PBXFileReference; lastKnownFileType = text.xcconfig; path = OAuth.xcconfig; sourceTree = "<group>"; };
		76CE2CE1C3DAFADDCAE6C8F2 /* OAuthLoopbackServer.swift */ = {isa = PBXFileReference; lastKnownFileType = sourcecode.swift; path = OAuthLoopbackServer.swift; sourceTree = "<group>"; };
		7786B073D173551DE63CE888 /* GoogleOAuthTokenClient.swift */ = {isa = PBXFileReference; lastKnownFileType = sourcecode.swift; path = GoogleOAuthTokenClient.swift; sourceTree = "<group>"; };
		A1C5EE1FAC923FC1EA7FDA99 /* GoogleOAuthAuthorizationFlow.swift */ = {isa = PBXFileReference; lastKnownFileType = sourcecode.swift; path = GoogleOAuthAuthorizationFlow.swift; sourceTree = "<group>"; };
		A98FCCAE58506021D3CBC793 /* ContentView.swift */ = {isa = PBXFileReference; lastKnownFileType = sourcecode.swift; path = ContentView.swift; sourceTree = "<group>"; };
		B81B4AEC2433411CDB958D5B /* UserDefaultsVaultStore.swift */ = {isa = PBXFileReference; lastKnownFileType = sourcecode.swift; path = UserDefaultsVaultStore.swift; sourceTree = "<group>"; };
		C33B265F40B3EFA6CF7D3A67 /* AppDependencies.swift */ = {isa = PBXFileReference; lastKnownFileType = sourcecode.swift; path = AppDependencies.swift; sourceTree = "<group>"; };
		E0947A40A52F9EE928CA25EB /* MarkdownDocumentCommands.swift */ = {isa = PBXFileReference; lastKnownFileType = sourcecode.swift; path = MarkdownDocumentCommands.swift; sourceTree = "<group>"; };
		EA1480E42F5C96887C029E9A /* MarkdownDriveApp.swift */ = {isa = PBXFileReference; lastKnownFileType = sourcecode.swift; path = MarkdownDriveApp.swift; sourceTree = "<group>"; };
		F8614F525C4E1EE5FD88C789 /* NativeMarkdownEditor.swift */ = {isa = PBXFileReference; lastKnownFileType = sourcecode.swift; path = NativeMarkdownEditor.swift; sourceTree = "<group>"; };
/* End PBXFileReference section */

/* Begin PBXFrameworksBuildPhase section */
		E88ACD09A024F8B8AA9A2AC5 /* Frameworks */ = {
			isa = PBXFrameworksBuildPhase;
			buildActionMask = 2147483647;
			files = (
				856FC399AC0A36E3FE012737 /* MarkdownDriveCore in Frameworks */,
			);
			runOnlyForDeploymentPostprocessing = 0;
		};
/* End PBXFrameworksBuildPhase section */

/* Begin PBXGroup section */
		058FF54C9D4337D587C0F95B /* Config */ = {
			isa = PBXGroup;
			children = (
				4B72804D237119F26A109EA4 /* OAuth.xcconfig */,
			);
			path = Config;
			sourceTree = "<group>";
		};
		29E82F675FAD4D172587236D /* Persistence */ = {
			isa = PBXGroup;
			children = (
				B81B4AEC2433411CDB958D5B /* UserDefaultsVaultStore.swift */,
			);
			path = Persistence;
			sourceTree = "<group>";
		};
		2F53D6A505FE8F3F1D013FFE /* Products */ = {
			isa = PBXGroup;
			children = (
				2EA92C1F04E3C1E0145E60EB /* Markdown Drive.app */,
			);
			name = Products;
			sourceTree = "<group>";
		};
		4D62EBA9CB5A7727E6EC0228 /* MarkdownDriveMac */ = {
			isa = PBXGroup;
			children = (
				A98FCCAE58506021D3CBC793 /* ContentView.swift */,
				EA1480E42F5C96887C029E9A /* MarkdownDriveApp.swift */,
				F93C2209F7571545B20E153F /* Authentication */,
				BF4A2456B794ACCC43BF3BCD /* Editor */,
				29E82F675FAD4D172587236D /* Persistence */,
				7851BCFA0467F7381CAC1B4C /* State */,
			);
			path = MarkdownDriveMac;
			sourceTree = "<group>";
		};
		55A3332E615AD24B3CC13AE8 = {
			isa = PBXGroup;
			children = (
				058FF54C9D4337D587C0F95B /* Config */,
				4D62EBA9CB5A7727E6EC0228 /* MarkdownDriveMac */,
				7C7C53605469DF40E3131F18 /* Packages */,
				2F53D6A505FE8F3F1D013FFE /* Products */,
			);
			sourceTree = "<group>";
		};
		7851BCFA0467F7381CAC1B4C /* State */ = {
			isa = PBXGroup;
			children = (
				C33B265F40B3EFA6CF7D3A67 /* AppDependencies.swift */,
				1E6F8BC93D7DE21E834DA88E /* AppModel.swift */,
			);
			path = State;
			sourceTree = "<group>";
		};
		7C7C53605469DF40E3131F18 /* Packages */ = {
			isa = PBXGroup;
			children = (
				48CE58DA9B8910A62DD33880 /* MarkdownDriveCore */,
			);
			path = Packages;
			sourceTree = "<group>";
		};
		BF4A2456B794ACCC43BF3BCD /* Editor */ = {
			isa = PBXGroup;
			children = (
				E0947A40A52F9EE928CA25EB /* MarkdownDocumentCommands.swift */,
				0798F934F164FBC42F181907 /* MarkdownEditorCommands.swift */,
				F8614F525C4E1EE5FD88C789 /* NativeMarkdownEditor.swift */,
			);
			path = Editor;
			sourceTree = "<group>";
		};
		F93C2209F7571545B20E153F /* Authentication */ = {
			isa = PBXGroup;
			children = (
				225E67B0E375CB5DE2EFEE45 /* GoogleAuthenticationService.swift */,
				A1C5EE1FAC923FC1EA7FDA99 /* GoogleOAuthAuthorizationFlow.swift */,
				1659FD7EB9B4C307C34194DB /* GoogleOAuthConfiguration.swift */,
				7786B073D173551DE63CE888 /* GoogleOAuthTokenClient.swift */,
				3112A29460243053F89B0B6C /* KeychainRefreshTokenStore.swift */,
				76CE2CE1C3DAFADDCAE6C8F2 /* OAuthLoopbackServer.swift */,
			);
			path = Authentication;
			sourceTree = "<group>";
		};
/* End PBXGroup section */

/* Begin PBXNativeTarget section */
		921E50CBCC08FE0E276B5F5C /* MarkdownDriveMac */ = {
			isa = PBXNativeTarget;
			buildConfigurationList = BAF72D06C99D719F618F7C78 /* Build configuration list for PBXNativeTarget "MarkdownDriveMac" */;
			buildPhases = (
				0A8D6611D4FEB3AA1578FFA1 /* Sources */,
				E88ACD09A024F8B8AA9A2AC5 /* Frameworks */,
			);
			buildRules = (
			);
			dependencies = (
			);
			name = MarkdownDriveMac;
			packageProductDependencies = (
				20372CFBC2988B2E501911CE /* MarkdownDriveCore */,
			);
			productName = MarkdownDriveMac;
			productReference = 2EA92C1F04E3C1E0145E60EB /* Markdown Drive.app */;
			productType = "com.apple.product-type.application";
		};
/* End PBXNativeTarget section */

/* Begin PBXProject section */
		2076FBCBDFB3AEC609736E8F /* Project object */ = {
			isa = PBXProject;
			attributes = {
				BuildIndependentTargetsInParallel = YES;
				LastUpgradeCheck = 1640;
				TargetAttributes = {
					921E50CBCC08FE0E276B5F5C = {
						DevelopmentTeam = U2LZVLHC3C;
						ProvisioningStyle = Automatic;
					};
				};
			};
			buildConfigurationList = FC240CC9E2FE7B976A1978C1 /* Build configuration list for PBXProject "MarkdownDrive" */;
			developmentRegion = en;
			hasScannedForEncodings = 0;
			knownRegions = (
				Base,
				en,
			);
			mainGroup = 55A3332E615AD24B3CC13AE8;
			minimizedProjectReferenceProxies = 1;
			packageReferences = (
				DF1659C12BE8513E234C36DC /* XCLocalSwiftPackageReference "Packages/MarkdownDriveCore" */,
			);
			preferredProjectObjectVersion = 77;
			productRefGroup = 2F53D6A505FE8F3F1D013FFE /* Products */;
			projectDirPath = "";
			projectRoot = "";
			targets = (
				921E50CBCC08FE0E276B5F5C /* MarkdownDriveMac */,
			);
		};
/* End PBXProject section */

/* Begin PBXSourcesBuildPhase section */
		0A8D6611D4FEB3AA1578FFA1 /* Sources */ = {
			isa = PBXSourcesBuildPhase;
			buildActionMask = 2147483647;
			files = (
				748E0F85ACFF6465D8734F80 /* AppDependencies.swift in Sources */,
				FC4DD604144803F975D764E0 /* AppModel.swift in Sources */,
				4FF89B17AE5C5E800D8020E6 /* ContentView.swift in Sources */,
				D1B8E18B04D6742174A6C12C /* GoogleAuthenticationService.swift in Sources */,
				862FF80CEFC483C03847C3D1 /* GoogleOAuthAuthorizationFlow.swift in Sources */,
				6BF69B316F3063DFC3D9B86B /* GoogleOAuthConfiguration.swift in Sources */,
				58BF0BF27B79EAC6BD7DF23B /* GoogleOAuthTokenClient.swift in Sources */,
				F756B8F5959CD0022D11D57F /* KeychainRefreshTokenStore.swift in Sources */,
				F213C7FBBA5C6291E2BDFE1D /* MarkdownDocumentCommands.swift in Sources */,
				D065247233EB56FB1269FA7E /* MarkdownDriveApp.swift in Sources */,
				3BB1D3A7FB872B483D0FE89C /* MarkdownEditorCommands.swift in Sources */,
				B71BCCE314A8B389DB6E7F61 /* NativeMarkdownEditor.swift in Sources */,
				FDC16AAA154FE5841DEA0EE0 /* OAuthLoopbackServer.swift in Sources */,
				1B868C7244CC95C4A6200F53 /* UserDefaultsVaultStore.swift in Sources */,
			);
			runOnlyForDeploymentPostprocessing = 0;
		};
/* End PBXSourcesBuildPhase section */

/* Begin XCBuildConfiguration section */
		11BCFB7273D9986991892C17 /* Release */ = {
			isa = XCBuildConfiguration;
			buildSettings = {
				ALWAYS_SEARCH_USER_PATHS = NO;
				CLANG_ANALYZER_NONNULL = YES;
				CLANG_ANALYZER_NUMBER_OBJECT_CONVERSION = YES_AGGRESSIVE;
				CLANG_CXX_LANGUAGE_STANDARD = "gnu++14";
				CLANG_CXX_LIBRARY = "libc++";
				CLANG_ENABLE_MODULES = YES;
				CLANG_ENABLE_OBJC_ARC = YES;
				CLANG_ENABLE_OBJC_WEAK = YES;
				CLANG_WARN_BLOCK_CAPTURE_AUTORELEASING = YES;
				CLANG_WARN_BOOL_CONVERSION = YES;
				CLANG_WARN_COMMA = YES;
				CLANG_WARN_CONSTANT_CONVERSION = YES;
				CLANG_WARN_DEPRECATED_OBJC_IMPLEMENTATIONS = YES;
				CLANG_WARN_DIRECT_OBJC_ISA_USAGE = YES_ERROR;
				CLANG_WARN_DOCUMENTATION_COMMENTS = YES;
				CLANG_WARN_EMPTY_BODY = YES;
				CLANG_WARN_ENUM_CONVERSION = YES;
				CLANG_WARN_INFINITE_RECURSION = YES;
				CLANG_WARN_INT_CONVERSION = YES;
				CLANG_WARN_NON_LITERAL_NULL_CONVERSION = YES;
				CLANG_WARN_OBJC_IMPLICIT_RETAIN_SELF = YES;
				CLANG_WARN_OBJC_LITERAL_CONVERSION = YES;
				CLANG_WARN_OBJC_ROOT_CLASS = YES_ERROR;
				CLANG_WARN_QUOTED_INCLUDE_IN_FRAMEWORK_HEADER = YES;
				CLANG_WARN_RANGE_LOOP_ANALYSIS = YES;
				CLANG_WARN_STRICT_PROTOTYPES = YES;
				CLANG_WARN_SUSPICIOUS_MOVE = YES;
				CLANG_WARN_UNGUARDED_AVAILABILITY = YES_AGGRESSIVE;
				CLANG_WARN_UNREACHABLE_CODE = YES;
				CLANG_WARN__DUPLICATE_METHOD_MATCH = YES;
				COPY_PHASE_STRIP = NO;
				DEBUG_INFORMATION_FORMAT = "dwarf-with-dsym";
				ENABLE_NS_ASSERTIONS = NO;
				ENABLE_STRICT_OBJC_MSGSEND = YES;
				GCC_C_LANGUAGE_STANDARD = gnu11;
				GCC_NO_COMMON_BLOCKS = YES;
				GCC_WARN_64_TO_32_BIT_CONVERSION = YES;
				GCC_WARN_ABOUT_RETURN_TYPE = YES_ERROR;
				GCC_WARN_UNDECLARED_SELECTOR = YES;
				GCC_WARN_UNINITIALIZED_AUTOS = YES_AGGRESSIVE;
				GCC_WARN_UNUSED_FUNCTION = YES;
				GCC_WARN_UNUSED_VARIABLE = YES;
				MACOSX_DEPLOYMENT_TARGET = 15.0;
				MTL_ENABLE_DEBUG_INFO = NO;
				MTL_FAST_MATH = YES;
				PRODUCT_NAME = "$(TARGET_NAME)";
				SDKROOT = macosx;
				SWIFT_COMPILATION_MODE = wholemodule;
				SWIFT_OPTIMIZATION_LEVEL = "-O";
				SWIFT_STRICT_CONCURRENCY = complete;
				SWIFT_VERSION = 6.0;
			};
			name = Release;
		};
		1B724FFA9BD1F79D8E4F889F /* Debug */ = {
			isa = XCBuildConfiguration;
			baseConfigurationReference = 4B72804D237119F26A109EA4 /* OAuth.xcconfig */;
			buildSettings = {
				ASSETCATALOG_COMPILER_APPICON_NAME = AppIcon;
				CODE_SIGN_STYLE = Automatic;
				COMBINE_HIDPI_IMAGES = YES;
				CURRENT_PROJECT_VERSION = 1;
				DEVELOPMENT_TEAM = U2LZVLHC3C;
				GENERATE_INFOPLIST_FILE = NO;
				INFOPLIST_FILE = "Config/MarkdownDriveMac-Info.plist";
				LD_RUNPATH_SEARCH_PATHS = (
					"$(inherited)",
					"@executable_path/../Frameworks",
				);
				MARKETING_VERSION = 0.1.0;
				PRODUCT_BUNDLE_IDENTIFIER = "com.a-know.MarkdownDrive";
				SDKROOT = macosx;
			};
			name = Debug;
		};
		4889E42707E2615AF43F36CF /* Release */ = {
			isa = XCBuildConfiguration;
			baseConfigurationReference = 4B72804D237119F26A109EA4 /* OAuth.xcconfig */;
			buildSettings = {
				ASSETCATALOG_COMPILER_APPICON_NAME = AppIcon;
				CODE_SIGN_STYLE = Automatic;
				COMBINE_HIDPI_IMAGES = YES;
				CURRENT_PROJECT_VERSION = 1;
				DEVELOPMENT_TEAM = U2LZVLHC3C;
				GENERATE_INFOPLIST_FILE = NO;
				INFOPLIST_FILE = "Config/MarkdownDriveMac-Info.plist";
				LD_RUNPATH_SEARCH_PATHS = (
					"$(inherited)",
					"@executable_path/../Frameworks",
				);
				MARKETING_VERSION = 0.1.0;
				PRODUCT_BUNDLE_IDENTIFIER = "com.a-know.MarkdownDrive";
				SDKROOT = macosx;
			};
			name = Release;
		};
		F9F64526099CCC7FE83B3DF1 /* Debug */ = {
			isa = XCBuildConfiguration;
			buildSettings = {
				ALWAYS_SEARCH_USER_PATHS = NO;
				CLANG_ANALYZER_NONNULL = YES;
				CLANG_ANALYZER_NUMBER_OBJECT_CONVERSION = YES_AGGRESSIVE;
				CLANG_CXX_LANGUAGE_STANDARD = "gnu++14";
				CLANG_CXX_LIBRARY = "libc++";
				CLANG_ENABLE_MODULES = YES;
				CLANG_ENABLE_OBJC_ARC = YES;
				CLANG_ENABLE_OBJC_WEAK = YES;
				CLANG_WARN_BLOCK_CAPTURE_AUTORELEASING = YES;
				CLANG_WARN_BOOL_CONVERSION = YES;
				CLANG_WARN_COMMA = YES;
				CLANG_WARN_CONSTANT_CONVERSION = YES;
				CLANG_WARN_DEPRECATED_OBJC_IMPLEMENTATIONS = YES;
				CLANG_WARN_DIRECT_OBJC_ISA_USAGE = YES_ERROR;
				CLANG_WARN_DOCUMENTATION_COMMENTS = YES;
				CLANG_WARN_EMPTY_BODY = YES;
				CLANG_WARN_ENUM_CONVERSION = YES;
				CLANG_WARN_INFINITE_RECURSION = YES;
				CLANG_WARN_INT_CONVERSION = YES;
				CLANG_WARN_NON_LITERAL_NULL_CONVERSION = YES;
				CLANG_WARN_OBJC_IMPLICIT_RETAIN_SELF = YES;
				CLANG_WARN_OBJC_LITERAL_CONVERSION = YES;
				CLANG_WARN_OBJC_ROOT_CLASS = YES_ERROR;
				CLANG_WARN_QUOTED_INCLUDE_IN_FRAMEWORK_HEADER = YES;
				CLANG_WARN_RANGE_LOOP_ANALYSIS = YES;
				CLANG_WARN_STRICT_PROTOTYPES = YES;
				CLANG_WARN_SUSPICIOUS_MOVE = YES;
				CLANG_WARN_UNGUARDED_AVAILABILITY = YES_AGGRESSIVE;
				CLANG_WARN_UNREACHABLE_CODE = YES;
				CLANG_WARN__DUPLICATE_METHOD_MATCH = YES;
				COPY_PHASE_STRIP = NO;
				DEBUG_INFORMATION_FORMAT = dwarf;
				ENABLE_STRICT_OBJC_MSGSEND = YES;
				ENABLE_TESTABILITY = YES;
				GCC_C_LANGUAGE_STANDARD = gnu11;
				GCC_DYNAMIC_NO_PIC = NO;
				GCC_NO_COMMON_BLOCKS = YES;
				GCC_OPTIMIZATION_LEVEL = 0;
				GCC_PREPROCESSOR_DEFINITIONS = (
					"$(inherited)",
					"DEBUG=1",
				);
				GCC_WARN_64_TO_32_BIT_CONVERSION = YES;
				GCC_WARN_ABOUT_RETURN_TYPE = YES_ERROR;
				GCC_WARN_UNDECLARED_SELECTOR = YES;
				GCC_WARN_UNINITIALIZED_AUTOS = YES_AGGRESSIVE;
				GCC_WARN_UNUSED_FUNCTION = YES;
				GCC_WARN_UNUSED_VARIABLE = YES;
				MACOSX_DEPLOYMENT_TARGET = 15.0;
				MTL_ENABLE_DEBUG_INFO = INCLUDE_SOURCE;
				MTL_FAST_MATH = YES;
				ONLY_ACTIVE_ARCH = YES;
				PRODUCT_NAME = "$(TARGET_NAME)";
				SDKROOT = macosx;
				SWIFT_ACTIVE_COMPILATION_CONDITIONS = DEBUG;
				SWIFT_OPTIMIZATION_LEVEL = "-Onone";
				SWIFT_STRICT_CONCURRENCY = complete;
				SWIFT_VERSION = 6.0;
			};
			name = Debug;
		};
/* End XCBuildConfiguration section */

/* Begin XCConfigurationList section */
		BAF72D06C99D719F618F7C78 /* Build configuration list for PBXNativeTarget "MarkdownDriveMac" */ = {
			isa = XCConfigurationList;
			buildConfigurations = (
				1B724FFA9BD1F79D8E4F889F /* Debug */,
				4889E42707E2615AF43F36CF /* Release */,
			);
			defaultConfigurationIsVisible = 0;
			defaultConfigurationName = Debug;
		};
		FC240CC9E2FE7B976A1978C1 /* Build configuration list for PBXProject "MarkdownDrive" */ = {
			isa = XCConfigurationList;
			buildConfigurations = (
				F9F64526099CCC7FE83B3DF1 /* Debug */,
				11BCFB7273D9986991892C17 /* Release */,
			);
			defaultConfigurationIsVisible = 0;
			defaultConfigurationName = Debug;
		};
/* End XCConfigurationList section */

/* Begin XCLocalSwiftPackageReference section */
		DF1659C12BE8513E234C36DC /* XCLocalSwiftPackageReference "Packages/MarkdownDriveCore" */ = {
			isa = XCLocalSwiftPackageReference;
			relativePath = Packages/MarkdownDriveCore;
		};
/* End XCLocalSwiftPackageReference section */

/* Begin XCSwiftPackageProductDependency section */
		20372CFBC2988B2E501911CE /* MarkdownDriveCore */ = {
			isa = XCSwiftPackageProductDependency;
			productName = MarkdownDriveCore;
		};
/* End XCSwiftPackageProductDependency section */
	};
	rootObject = 2076FBCBDFB3AEC609736E8F /* Project object */;
}
